
Microsoft Visual Studio Solution File, Format Version 12.00
# Visual Studio Version 16
VisualStudioVersion = 16.0.29230.47
MinimumVisualStudioVersion = 10.0.40219.1
Project("{FAE04EC0-301F-11D3-BF4B-00C04F79EFBC}") = "FrontEnd", "FrontEnd\FrontEnd.csproj", "{8C30A4CC-29DC-479C-AB08-3C19B7CF53BB}"
EndProject
Project("{9A19103F-16F7-4668-BE54-9A1E7A4F7556}") = "Dataset", "Dataset\Dataset.csproj", "{90153826-714F-40E4-A497-D81415307B41}"
EndProject
Project("{9A19103F-16F7-4668-BE54-9A1E7A4F7556}") = "UIEngine", "UIEngine\UIEngine.csproj", "{D55A802C-0976-42E0-A1F7-CAE96C1330E9}"
EndProject
Project("{FAE04EC0-301F-11D3-BF4B-00C04F79EFBC}") = "Demo", "Demo\Demo.csproj", "{120756EA-C743-45B9-A159-F0800BB643E1}"
EndProject
Project("{2150E333-8FDC-42A3-9474-1A3956D46DE8}") = "Solution Items", "Solution Items", "{1AA45197-8FBB-4B47-B4C9-47FD07E9765B}"
	ProjectSection(SolutionItems) = preProject
		README.MD = README.MD
	EndProjectSection
EndProject
Project("{FAE04EC0-301F-11D3-BF4B-00C04F79EFBC}") = "ComponentLibrary", "ComponentLibrary\ComponentLibrary.csproj", "{3D29D6D0-AB7D-4C43-BD55-0F665D05D552}"
EndProject
Global
	GlobalSection(SolutionConfigurationPlatforms) = preSolution
		Debug|Any CPU = Debug|Any CPU
		Release|Any CPU = Release|Any CPU
	EndGlobalSection
	GlobalSection(ProjectConfigurationPlatforms) = postSolution
		{8C30A4CC-29DC-479C-AB08-3C19B7CF53BB}.Debug|Any CPU.ActiveCfg = Debug|Any CPU
		{8C30A4CC-29DC-479C-AB08-3C19B7CF53BB}.Debug|Any CPU.Build.0 = Debug|Any CPU
		{8C30A4CC-29DC-479C-AB08-3C19B7CF53BB}.Release|Any CPU.ActiveCfg = Release|Any CPU
		{8C30A4CC-29DC-479C-AB08-3C19B7CF53BB}.Release|Any CPU.Build.0 = Release|Any CPU
		{90153826-714F-40E4-A497-D81415307B41}.Debug|Any CPU.ActiveCfg = Debug|Any CPU
		{90153826-714F-40E4-A497-D81415307B41}.Debug|Any CPU.Build.0 = Debug|Any CPU
		{90153826-714F-40E4-A497-D81415307B41}.Release|Any CPU.ActiveCfg = Release|Any CPU
		{90153826-714F-40E4-A497-D81415307B41}.Release|Any CPU.Build.0 = Release|Any CPU
		{D55A802C-0976-42E0-A1F7-CAE96C1330E9}.Debug|Any CPU.ActiveCfg = Debug|Any CPU
		{D55A802C-0976-42E0-A1F7-CAE96C1330E9}.Debug|Any CPU.Build.0 = Debug|Any CPU
		{D55A802C-0976-42E0-A1F7-CAE96C1330E9}.Release|Any CPU.ActiveCfg = Release|Any CPU
		{D55A802C-0976-42E0-A1F7-CAE96C1330E9}.Release|Any CPU.Build.0 = Release|Any CPU
		{120756EA-C743-45B9-A159-F0800BB643E1}.Debug|Any CPU.ActiveCfg = Debug|Any CPU
		{120756EA-C743-45B9-A159-F0800BB643E1}.Debug|Any CPU.Build.0 = Debug|Any CPU
		{120756EA-C743-45B9-A159-F0800BB643E1}.Release|Any CPU.ActiveCfg = Release|Any CPU
		{120756EA-C743-45B9-A159-F0800BB643E1}.Release|Any CPU.Build.0 = Release|Any CPU
		{3D29D6D0-AB7D-4C43-BD55-0F665D05D552}.Debug|Any CPU.ActiveCfg = Debug|Any CPU
		{3D29D6D0-AB7D-4C43-BD55-0F665D05D552}.Debug|Any CPU.Build.0 = Debug|Any CPU
		{3D29D6D0-AB7D-4C43-BD55-0F665D05D552}.Release|Any CPU.ActiveCfg = Release|Any CPU
		{3D29D6D0-AB7D-4C43-BD55-0F665D05D552}.Release|Any CPU.Build.0 = Release|Any CPU
	EndGlobalSection
	GlobalSection(SolutionProperties) = preSolution
		HideSolutionNode = FALSE
	EndGlobalSection
	GlobalSection(ExtensibilityGlobals) = postSolution
		SolutionGuid = {BFE60170-62F6-46E2-8B92-01824145BC63}
	EndGlobalSection
EndGlobal
